# THIS IS AN AUTOGENERATED FILE. DO NOT EDIT THIS FILE DIRECTLY.
# yarn lockfile v1


"@prettier/plugin-php@^0.24.0":
  version "0.24.0"
  resolved "https://registry.yarnpkg.com/@prettier/plugin-php/-/plugin-php-0.24.0.tgz#c7e84dac73aa45109cfa0a0c73301063fdb3dc9f"
  integrity sha512-x9l65fCE/pgoET6RQowgdgG8Xmzs44z6j6Hhg3coINCyCw9JBGJ5ZzMR2XHAM2jmAdbJAIgqB6cUn4/3W3XLTA==
  dependencies:
    linguist-languages "^8.0.0"
    php-parser "^3.2.5"

linguist-languages@^8.0.0:
  version "8.2.0"
  resolved "https://registry.yarnpkg.com/linguist-languages/-/linguist-languages-8.2.0.tgz#d8f60eeaf0a97f04d5a4f6eb6190e39ebaf200d4"
  integrity sha512-KCUUH9x97QWYU0SXOCGxUrZR6cSfuQrMhABB7L/0I8N0LXOeaKe7+RZs7FAwvWCV2qKfZ4Wv1luLq4OfMezSJg==

php-parser@^3.2.5:
  version "3.2.5"
  resolved "https://registry.yarnpkg.com/php-parser/-/php-parser-3.2.5.tgz#24ff4b4f3e1788967f7737e43c273a5a8e7cd0ac"
  integrity sha512-M1ZYlALFFnESbSdmRtTQrBFUHSriHgPhgqtTF/LCbZM4h7swR5PHtUceB2Kzby5CfqcsYwBn7OXTJ0+8Sajwkw==

prettier@^3.8.0:
  version "3.8.0"
  resolved "https://registry.yarnpkg.com/prettier/-/prettier-3.8.0.tgz#f72cf71505133f40cfa2ef77a2668cdc558fcd69"
  integrity sha512-yEPsovQfpxYfgWNhCfECjG5AQaO+K3dp6XERmOepyPDVqcJm+bjyCVO3pmU+nAPe0N5dDvekfGezt/EIiRe1TA==
